
Microsoft Visual Studio Solution File, Format Version 12.00
# Visual Studio Version 17
VisualStudioVersion = 17.7.34221.43
MinimumVisualStudioVersion = 10.0.40219.1
Project("{FAE04EC0-301F-11D3-BF4B-00C04F79EFBC}") = "SampleMod", "SampleMod.csproj", "{3FA1B07B-D0C9-4EA5-B228-93DD6891EFD2}"
EndProject
Project("{FAE04EC0-301F-11D3-BF4B-00C04F79EFBC}") = "Test", "Test\Test.csproj", "{DAB2D7A9-757B-4876-B95B-64A2E4F965B6}"
EndProject
Global
	GlobalSection(SolutionConfigurationPlatforms) = preSolution
		Debug|Any CPU = Debug|Any CPU
		Release|Any CPU = Release|Any CPU
	EndGlobalSection
	GlobalSection(ProjectConfigurationPlatforms) = postSolution
		{3FA1B07B-D0C9-4EA5-B228-93DD6891EFD2}.Debug|Any CPU.ActiveCfg = Debug|Any CPU
		{3FA1B07B-D0C9-4EA5-B228-93DD6891EFD2}.Debug|Any CPU.Build.0 = Debug|Any CPU
		{3FA1B07B-D0C9-4EA5-B228-93DD6891EFD2}.Release|Any CPU.ActiveCfg = Release|Any CPU
		{3FA1B07B-D0C9-4EA5-B228-93DD6891EFD2}.Release|Any CPU.Build.0 = Release|Any CPU
		{DAB2D7A9-757B-4876-B95B-64A2E4F965B6}.Debug|Any CPU.ActiveCfg = Debug|Any CPU
		{DAB2D7A9-757B-4876-B95B-64A2E4F965B6}.Debug|Any CPU.Build.0 = Debug|Any CPU
		{DAB2D7A9-757B-4876-B95B-64A2E4F965B6}.Release|Any CPU.ActiveCfg = Release|Any CPU
		{DAB2D7A9-757B-4876-B95B-64A2E4F965B6}.Release|Any CPU.Build.0 = Release|Any CPU
	EndGlobalSection
	GlobalSection(SolutionProperties) = preSolution
		HideSolutionNode = FALSE
	EndGlobalSection
	GlobalSection(ExtensibilityGlobals) = postSolution
		SolutionGuid = {8ACAA5D6-AB12-4DC7-B2DD-519AF3333068}
	EndGlobalSection
EndGlobal
